
Microsoft Visual Studio Solution File, Format Version 12.00
# Visual Studio Version 16
VisualStudioVersion = 16.0.28922.388
MinimumVisualStudioVersion = 10.0.40219.1
Project("{9A19103F-16F7-4668-BE54-9A1E7A4F7556}") = "OddsClient", "OddsClient\OddsClient.csproj", "{B427FABA-702B-4F4E-8FAB-F962DF9AF5D8}"
EndProject
Project("{9A19103F-16F7-4668-BE54-9A1E7A4F7556}") = "OddServices", "OddServices\OddServices.csproj", "{7CAAC963-A754-4054-AAD5-B668C29A3E42}"
EndProject
Project("{9A19103F-16F7-4668-BE54-9A1E7A4F7556}") = "OddsServer", "ConsoleApp1\OddsServer.csproj", "{64C3E446-A04E-4965-B9F7-CA37AA71BD86}"
EndProject
Project("{FAE04EC0-301F-11D3-BF4B-00C04F79EFBC}") = "OddsServerWeb", "OddsServerWeb\OddsServerWeb.csproj", "{F2C864A5-4247-492F-A745-6BF0ABD23A68}"
EndProject
Global
	GlobalSection(SolutionConfigurationPlatforms) = preSolution
		Debug|Any CPU = Debug|Any CPU
		Release|Any CPU = Release|Any CPU
	EndGlobalSection
	GlobalSection(ProjectConfigurationPlatforms) = postSolution
		{B427FABA-702B-4F4E-8FAB-F962DF9AF5D8}.Debug|Any CPU.ActiveCfg = Debug|Any CPU
		{B427FABA-702B-4F4E-8FAB-F962DF9AF5D8}.Debug|Any CPU.Build.0 = Debug|Any CPU
		{B427FABA-702B-4F4E-8FAB-F962DF9AF5D8}.Release|Any CPU.ActiveCfg = Release|Any CPU
		{B427FABA-702B-4F4E-8FAB-F962DF9AF5D8}.Release|Any CPU.Build.0 = Release|Any CPU
		{7CAAC963-A754-4054-AAD5-B668C29A3E42}.Debug|Any CPU.ActiveCfg = Debug|Any CPU
		{7CAAC963-A754-4054-AAD5-B668C29A3E42}.Debug|Any CPU.Build.0 = Debug|Any CPU
		{7CAAC963-A754-4054-AAD5-B668C29A3E42}.Release|Any CPU.ActiveCfg = Release|Any CPU
		{7CAAC963-A754-4054-AAD5-B668C29A3E42}.Release|Any CPU.Build.0 = Release|Any CPU
		{64C3E446-A04E-4965-B9F7-CA37AA71BD86}.Debug|Any CPU.ActiveCfg = Debug|Any CPU
		{64C3E446-A04E-4965-B9F7-CA37AA71BD86}.Debug|Any CPU.Build.0 = Debug|Any CPU
		{64C3E446-A04E-4965-B9F7-CA37AA71BD86}.Release|Any CPU.ActiveCfg = Release|Any CPU
		{64C3E446-A04E-4965-B9F7-CA37AA71BD86}.Release|Any CPU.Build.0 = Release|Any CPU
		{F2C864A5-4247-492F-A745-6BF0ABD23A68}.Debug|Any CPU.ActiveCfg = Debug|Any CPU
		{F2C864A5-4247-492F-A745-6BF0ABD23A68}.Debug|Any CPU.Build.0 = Debug|Any CPU
		{F2C864A5-4247-492F-A745-6BF0ABD23A68}.Release|Any CPU.ActiveCfg = Release|Any CPU
		{F2C864A5-4247-492F-A745-6BF0ABD23A68}.Release|Any CPU.Build.0 = Release|Any CPU
	EndGlobalSection
	GlobalSection(SolutionProperties) = preSolution
		HideSolutionNode = FALSE
	EndGlobalSection
	GlobalSection(ExtensibilityGlobals) = postSolution
		SolutionGuid = {8A35C35B-E850-46DD-BB4E-755CAD138683}
	EndGlobalSection
EndGlobal
